
Microsoft Visual Studio Solution File, Format Version 12.00
# Visual Studio Version 17
VisualStudioVersion = 17.13.35818.85 d17.13
MinimumVisualStudioVersion = 10.0.40219.1
Project("{FAE04EC0-301F-11D3-BF4B-00C04F79EFBC}") = "ConsoleApp12", "ConsoleApp12\ConsoleApp12.csproj", "{B3B44253-3CE0-4FAC-A707-05DCF7B237FD}"
EndProject
Global
	GlobalSection(SolutionConfigurationPlatforms) = preSolution
		Debug|Any CPU = Debug|Any CPU
		Release|Any CPU = Release|Any CPU
	EndGlobalSection
	GlobalSection(ProjectConfigurationPlatforms) = postSolution
		{B3B44253-3CE0-4FAC-A707-05DCF7B237FD}.Debug|Any CPU.ActiveCfg = Debug|Any CPU
		{B3B44253-3CE0-4FAC-A707-05DCF7B237FD}.Debug|Any CPU.Build.0 = Debug|Any CPU
		{B3B44253-3CE0-4FAC-A707-05DCF7B237FD}.Release|Any CPU.ActiveCfg = Release|Any CPU
		{B3B44253-3CE0-4FAC-A707-05DCF7B237FD}.Release|Any CPU.Build.0 = Release|Any CPU
	EndGlobalSection
	GlobalSection(SolutionProperties) = preSolution
		HideSolutionNode = FALSE
	EndGlobalSection
	GlobalSection(ExtensibilityGlobals) = postSolution
		SolutionGuid = {6936B080-B6AF-4BB3-BB44-24641C48AE6E}
	EndGlobalSection
EndGlobal
