
Microsoft Visual Studio Solution File, Format Version 12.00
# Visual Studio Version 17
VisualStudioVersion = 17.13.35818.85 d17.13
MinimumVisualStudioVersion = 10.0.40219.1
Project("{FAE04EC0-301F-11D3-BF4B-00C04F79EFBC}") = "ConsoleApp3", "ConsoleApp3\ConsoleApp3.csproj", "{4A6E583D-B1AF-4342-8E72-7B178F12013C}"
EndProject
Global
	GlobalSection(SolutionConfigurationPlatforms) = preSolution
		Debug|Any CPU = Debug|Any CPU
		Release|Any CPU = Release|Any CPU
	EndGlobalSection
	GlobalSection(ProjectConfigurationPlatforms) = postSolution
		{4A6E583D-B1AF-4342-8E72-7B178F12013C}.Debug|Any CPU.ActiveCfg = Debug|Any CPU
		{4A6E583D-B1AF-4342-8E72-7B178F12013C}.Debug|Any CPU.Build.0 = Debug|Any CPU
		{4A6E583D-B1AF-4342-8E72-7B178F12013C}.Release|Any CPU.ActiveCfg = Release|Any CPU
		{4A6E583D-B1AF-4342-8E72-7B178F12013C}.Release|Any CPU.Build.0 = Release|Any CPU
	EndGlobalSection
	GlobalSection(SolutionProperties) = preSolution
		HideSolutionNode = FALSE
	EndGlobalSection
	GlobalSection(ExtensibilityGlobals) = postSolution
		SolutionGuid = {0E01C85A-4BFF-4C6D-B8E7-0B9F05FEE404}
	EndGlobalSection
EndGlobal
