
Microsoft Visual Studio Solution File, Format Version 12.00
# Visual Studio Version 17
VisualStudioVersion = 17.13.35818.85 d17.13
MinimumVisualStudioVersion = 10.0.40219.1
Project("{FAE04EC0-301F-11D3-BF4B-00C04F79EFBC}") = "ConsoleApp6", "ConsoleApp6\ConsoleApp6.csproj", "{44DAB2F4-FABE-49D8-BEB0-CEF63549D5B4}"
EndProject
Global
	GlobalSection(SolutionConfigurationPlatforms) = preSolution
		Debug|Any CPU = Debug|Any CPU
		Release|Any CPU = Release|Any CPU
	EndGlobalSection
	GlobalSection(ProjectConfigurationPlatforms) = postSolution
		{44DAB2F4-FABE-49D8-BEB0-CEF63549D5B4}.Debug|Any CPU.ActiveCfg = Debug|Any CPU
		{44DAB2F4-FABE-49D8-BEB0-CEF63549D5B4}.Debug|Any CPU.Build.0 = Debug|Any CPU
		{44DAB2F4-FABE-49D8-BEB0-CEF63549D5B4}.Release|Any CPU.ActiveCfg = Release|Any CPU
		{44DAB2F4-FABE-49D8-BEB0-CEF63549D5B4}.Release|Any CPU.Build.0 = Release|Any CPU
	EndGlobalSection
	GlobalSection(SolutionProperties) = preSolution
		HideSolutionNode = FALSE
	EndGlobalSection
	GlobalSection(ExtensibilityGlobals) = postSolution
		SolutionGuid = {821F6EE6-1999-4732-8117-DDEF015427A5}
	EndGlobalSection
EndGlobal
